// !$*UTF8*$!
{
	archiveVersion = 1;
	classes = {
	};
	objectVersion = 51;
	objects = {

/* Begin PBXBuildFile section */
		86760CB5254340DF004DD125 /* AppDelegate.swift in Sources */ = {isa = PBXBuildFile; fileRef = 86760CB4254340DF004DD125 /* AppDelegate.swift */; };
		86760CB7254340DF004DD125 /* SceneDelegate.swift in Sources */ = {isa = PBXBuildFile; fileRef = 86760CB6254340DF004DD125 /* SceneDelegate.swift */; };
		86760CBC254340DF004DD125 /* Main.storyboard in Resources */ = {isa = PBXBuildFile; fileRef = 86760CBA254340DF004DD125 /* Main.storyboard */; };
		86760CBE254340E2004DD125 /* Assets.xcassets in Resources */ = {isa = PBXBuildFile; fileRef = 86760CBD254340E2004DD125 /* Assets.xcassets */; };
		86760CC1254340E2004DD125 /* LaunchScreen.storyboard in Resources */ = {isa = PBXBuildFile; fileRef = 86760CBF254340E2004DD125 /* LaunchScreen.storyboard */; };
		86760CCC254340E2004DD125 /* InstaTests.swift in Sources */ = {isa = PBXBuildFile; fileRef = 86760CCB254340E2004DD125 /* InstaTests.swift */; };
		86760CD7254340E2004DD125 /* InstaUITests.swift in Sources */ = {isa = PBXBuildFile; fileRef = 86760CD6254340E2004DD125 /* InstaUITests.swift */; };
		86760CF725434311004DD125 /* LoginViewController.swift in Sources */ = {isa = PBXBuildFile; fileRef = 86760CF625434311004DD125 /* LoginViewController.swift */; };
		86760CFC2543431D004DD125 /* FeedViewController.swift in Sources */ = {isa = PBXBuildFile; fileRef = 86760CFB2543431D004DD125 /* FeedViewController.swift */; };
		86760D0125434D7B004DD125 /* CameraViewController.swift in Sources */ = {isa = PBXBuildFile; fileRef = 86760D0025434D7B004DD125 /* CameraViewController.swift */; };
		86815F7A25435F9B00D148A0 /* PostCell.swift in Sources */ = {isa = PBXBuildFile; fileRef = 86815F7925435F9B00D148A0 /* PostCell.swift */; };
		8DC1ED44ABA1BA7B52D42BFB /* Pods_Insta_InstaUITests.framework in Frameworks */ = {isa = PBXBuildFile; fileRef = 4D1D8D40287E573E6E8681F7 /* Pods_Insta_InstaUITests.framework */; };
		A1387E5FEF088FD156B4D223 /* Pods_InstaTests.framework in Frameworks */ = {isa = PBXBuildFile; fileRef = 8B1054BE34FD5739E9E3DB47 /* Pods_InstaTests.framework */; };
		AD5B16A4ABF675985505B010 /* Pods_Insta.framework in Frameworks */ = {isa = PBXBuildFile; fileRef = 2FB6B4AB1DAECC1A6EE54889 /* Pods_Insta.framework */; };
/* End PBXBuildFile section */

/* Begin PBXContainerItemProxy section */
		86760CC8254340E2004DD125 /* PBXContainerItemProxy */ = {
			isa = PBXContainerItemProxy;
			containerPortal = 86760CA9254340DF004DD125 /* Project object */;
			proxyType = 1;
			remoteGlobalIDString = 86760CB0254340DF004DD125;
			remoteInfo = Insta;
		};
		86760CD3254340E2004DD125 /* PBXContainerItemProxy */ = {
			isa = PBXContainerItemProxy;
			containerPortal = 86760CA9254340DF004DD125 /* Project object */;
			proxyType = 1;
			remoteGlobalIDString = 86760CB0254340DF004DD125;
			remoteInfo = Insta;
		};
/* End PBXContainerItemProxy section */

/* Begin PBXFileReference section */
		008D3BC67DEAEC7405EC6D8A /* Pods-InstaTests.debug.xcconfig */ = {isa = PBXFileReference; includeInIndex = 1; lastKnownFileType = text.xcconfig; name = "Pods-InstaTests.debug.xcconfig"; path = "Target Support Files/Pods-InstaTests/Pods-InstaTests.debug.xcconfig"; sourceTree = "<group>"; };
		2FB6B4AB1DAECC1A6EE54889 /* Pods_Insta.framework */ = {isa = PBXFileReference; explicitFileType = wrapper.framework; includeInIndex = 0; path = Pods_Insta.framework; sourceTree = BUILT_PRODUCTS_DIR; };
		4D1D8D40287E573E6E8681F7 /* Pods_Insta_InstaUITests.framework */ = {isa = PBXFileReference; explicitFileType = wrapper.framework; includeInIndex = 0; path = Pods_Insta_InstaUITests.framework; sourceTree = BUILT_PRODUCTS_DIR; };
		57EBCE3C1A3709A59ADE6F89 /* Pods-Insta-InstaUITests.debug.xcconfig */ = {isa = PBXFileReference; includeInIndex = 1; lastKnownFileType = text.xcconfig; name = "Pods-Insta-InstaUITests.debug.xcconfig"; path = "Target Support Files/Pods-Insta-InstaUITests/Pods-Insta-InstaUITests.debug.xcconfig"; sourceTree = "<group>"; };
		5EE10ACA45EEFF66BF2FDAA8 /* Pods-Insta.debug.xcconfig */ = {isa = PBXFileReference; includeInIndex = 1; lastKnownFileType = text.xcconfig; name = "Pods-Insta.debug.xcconfig"; path = "Target Support Files/Pods-Insta/Pods-Insta.debug.xcconfig"; sourceTree = "<group>"; };
		86760CB1254340DF004DD125 /* Insta.app */ = {isa = PBXFileReference; explicitFileType = wrapper.application; includeInIndex = 0; path = Insta.app; sourceTree = BUILT_PRODUCTS_DIR; };
		86760CB4254340DF004DD125 /* AppDelegate.swift */ = {isa = PBXFileReference; lastKnownFileType = sourcecode.swift; path = AppDelegate.swift; sourceTree = "<group>"; };
		86760CB6254340DF004DD125 /* SceneDelegate.swift */ = {isa = PBXFileReference; lastKnownFileType = sourcecode.swift; path = SceneDelegate.swift; sourceTree = "<group>"; };
		86760CBB254340DF004DD125 /* Base */ = {isa = PBXFileReference; lastKnownFileType = file.storyboard; name = Base; path = Base.lproj/Main.storyboard; sourceTree = "<group>"; };
		86760CBD254340E2004DD125 /* Assets.xcassets */ = {isa = PBXFileReference; lastKnownFileType = folder.assetcatalog; path = Assets.xcassets; sourceTree = "<group>"; };
		86760CC0254340E2004DD125 /* Base */ = {isa = PBXFileReference; lastKnownFileType = file.storyboard; name = Base; path = Base.lproj/LaunchScreen.storyboard; sourceTree = "<group>"; };
		86760CC2254340E2004DD125 /* Info.plist */ = {isa = PBXFileReference; lastKnownFileType = text.plist.xml; path = Info.plist; sourceTree = "<group>"; };
		86760CC7254340E2004DD125 /* InstaTests.xctest */ = {isa = PBXFileReference; explicitFileType = wrapper.cfbundle; includeInIndex = 0; path = InstaTests.xctest; sourceTree = BUILT_PRODUCTS_DIR; };
		86760CCB254340E2004DD125 /* InstaTests.swift */ = {isa = PBXFileReference; lastKnownFileType = sourcecode.swift; path = InstaTests.swift; sourceTree = "<group>"; };
		86760CCD254340E2004DD125 /* Info.plist */ = {isa = PBXFileReference; lastKnownFileType = text.plist.xml; path = Info.plist; sourceTree = "<group>"; };
		86760CD2254340E2004DD125 /* InstaUITests.xctest */ = {isa = PBXFileReference; explicitFileType = wrapper.cfbundle; includeInIndex = 0; path = InstaUITests.xctest; sourceTree = BUILT_PRODUCTS_DIR; };
		86760CD6254340E2004DD125 /* InstaUITests.swift */ = {isa = PBXFileReference; lastKnownFileType = sourcecode.swift; path = InstaUITests.swift; sourceTree = "<group>"; };
		86760CD8254340E2004DD125 /* Info.plist */ = {isa = PBXFileReference; lastKnownFileType = text.plist.xml; path = Info.plist; sourceTree = "<group>"; };
		86760CF625434311004DD125 /* LoginViewController.swift */ = {isa = PBXFileReference; lastKnownFileType = sourcecode.swift; path = LoginViewController.swift; sourceTree = "<group>"; };
		86760CFB2543431D004DD125 /* FeedViewController.swift */ = {isa = PBXFileReference; lastKnownFileType = sourcecode.swift; path = FeedViewController.swift; sourceTree = "<group>"; };
		86760D0025434D7B004DD125 /* CameraViewController.swift */ = {isa = PBXFileReference; lastKnownFileType = sourcecode.swift; path = CameraViewController.swift; sourceTree = "<group>"; };
		86815F7925435F9B00D148A0 /* PostCell.swift */ = {isa = PBXFileReference; lastKnownFileType = sourcecode.swift; path = PostCell.swift; sourceTree = "<group>"; };
		8B1054BE34FD5739E9E3DB47 /* Pods_InstaTests.framework */ = {isa = PBXFileReference; explicitFileType = wrapper.framework; includeInIndex = 0; path = Pods_InstaTests.framework; sourceTree = BUILT_PRODUCTS_DIR; };
		C9FD08F533969A05CA24CF7B /* Pods-Insta-InstaUITests.release.xcconfig */ = {isa = PBXFileReference; includeInIndex = 1; lastKnownFileType = text.xcconfig; name = "Pods-Insta-InstaUITests.release.xcconfig"; path = "Target Support Files/Pods-Insta-InstaUITests/Pods-Insta-InstaUITests.release.xcconfig"; sourceTree = "<group>"; };
		E2863C025E6E016EF117223C /* Pods-Insta.release.xcconfig */ = {isa = PBXFileReference; includeInIndex = 1; lastKnownFileType = text.xcconfig; name = "Pods-Insta.release.xcconfig"; path = "Target Support Files/Pods-Insta/Pods-Insta.release.xcconfig"; sourceTree = "<group>"; };
		F660B058200B94C4185C1EBD /* Pods-InstaTests.release.xcconfig */ = {isa = PBXFileReference; includeInIndex = 1; lastKnownFileType = text.xcconfig; name = "Pods-InstaTests.release.xcconfig"; path = "Target Support Files/Pods-InstaTests/Pods-InstaTests.release.xcconfig"; sourceTree = "<group>"; };
/* End PBXFileReference section */

/* Begin PBXFrameworksBuildPhase section */
		86760CAE254340DF004DD125 /* Frameworks */ = {
			isa = PBXFrameworksBuildPhase;
			buildActionMask = 2147483647;
			files = (
				AD5B16A4ABF675985505B010 /* Pods_Insta.framework in Frameworks */,
			);
			runOnlyForDeploymentPostprocessing = 0;
		};
		86760CC4254340E2004DD125 /* Frameworks */ = {
			isa = PBXFrameworksBuildPhase;
			buildActionMask = 2147483647;
			files = (
				A1387E5FEF088FD156B4D223 /* Pods_InstaTests.framework in Frameworks */,
			);
			runOnlyForDeploymentPostprocessing = 0;
		};
		86760CCF254340E2004DD125 /* Frameworks */ = {
			isa = PBXFrameworksBuildPhase;
			buildActionMask = 2147483647;
			files = (
				8DC1ED44ABA1BA7B52D42BFB /* Pods_Insta_InstaUITests.framework in Frameworks */,
			);
			runOnlyForDeploymentPostprocessing = 0;
		};
/* End PBXFrameworksBuildPhase section */

/* Begin PBXGroup section */
		4438A2359C6F9D4C125270FC /* Frameworks */ = {
			isa = PBXGroup;
			children = (
				2FB6B4AB1DAECC1A6EE54889 /* Pods_Insta.framework */,
				4D1D8D40287E573E6E8681F7 /* Pods_Insta_InstaUITests.framework */,
				8B1054BE34FD5739E9E3DB47 /* Pods_InstaTests.framework */,
			);
			name = Frameworks;
			sourceTree = "<group>";
		};
		86760CA8254340DF004DD125 = {
			isa = PBXGroup;
			children = (
				86760CB3254340DF004DD125 /* Insta */,
				86760CCA254340E2004DD125 /* InstaTests */,
				86760CD5254340E2004DD125 /* InstaUITests */,
				86760CB2254340DF004DD125 /* Products */,
				D6229625B1614496FFAEF895 /* Pods */,
				4438A2359C6F9D4C125270FC /* Frameworks */,
			);
			sourceTree = "<group>";
		};
		86760CB2254340DF004DD125 /* Products */ = {
			isa = PBXGroup;
			children = (
				86760CB1254340DF004DD125 /* Insta.app */,
				86760CC7254340E2004DD125 /* InstaTests.xctest */,
				86760CD2254340E2004DD125 /* InstaUITests.xctest */,
			);
			name = Products;
			sourceTree = "<group>";
		};
		86760CB3254340DF004DD125 /* Insta */ = {
			isa = PBXGroup;
			children = (
				86760CB4254340DF004DD125 /* AppDelegate.swift */,
				86760CB6254340DF004DD125 /* SceneDelegate.swift */,
				86760CBA254340DF004DD125 /* Main.storyboard */,
				86760D0025434D7B004DD125 /* CameraViewController.swift */,
				86760CBD254340E2004DD125 /* Assets.xcassets */,
				86760CBF254340E2004DD125 /* LaunchScreen.storyboard */,
				86760CC2254340E2004DD125 /* Info.plist */,
				86760CF625434311004DD125 /* LoginViewController.swift */,
				86760CFB2543431D004DD125 /* FeedViewController.swift */,
				86815F7925435F9B00D148A0 /* PostCell.swift */,
			);
			path = Insta;
			sourceTree = "<group>";
		};
		86760CCA254340E2004DD125 /* InstaTests */ = {
			isa = PBXGroup;
			children = (
				86760CCB254340E2004DD125 /* InstaTests.swift */,
				86760CCD254340E2004DD125 /* Info.plist */,
			);
			path = InstaTests;
			sourceTree = "<group>";
		};
		86760CD5254340E2004DD125 /* InstaUITests */ = {
			isa = PBXGroup;
			children = (
				86760CD6254340E2004DD125 /* InstaUITests.swift */,
				86760CD8254340E2004DD125 /* Info.plist */,
			);
			path = InstaUITests;
			sourceTree = "<group>";
		};
		D6229625B1614496FFAEF895 /* Pods */ = {
			isa = PBXGroup;
			children = (
				5EE10ACA45EEFF66BF2FDAA8 /* Pods-Insta.debug.xcconfig */,
				E2863C025E6E016EF117223C /* Pods-Insta.release.xcconfig */,
				57EBCE3C1A3709A59ADE6F89 /* Pods-Insta-InstaUITests.debug.xcconfig */,
				C9FD08F533969A05CA24CF7B /* Pods-Insta-InstaUITests.release.xcconfig */,
				008D3BC67DEAEC7405EC6D8A /* Pods-InstaTests.debug.xcconfig */,
				F660B058200B94C4185C1EBD /* Pods-InstaTests.release.xcconfig */,
			);
			path = Pods;
			sourceTree = "<group>";
		};
/* End PBXGroup section */

/* Begin PBXNativeTarget section */
		86760CB0254340DF004DD125 /* Insta */ = {
			isa = PBXNativeTarget;
			buildConfigurationList = 86760CDB254340E2004DD125 /* Build configuration list for PBXNativeTarget "Insta" */;
			buildPhases = (
				96D6DF1944FFF25723214A3F /* [CP] Check Pods Manifest.lock */,
				86760CAD254340DF004DD125 /* Sources */,
				86760CAE254340DF004DD125 /* Frameworks */,
				86760CAF254340DF004DD125 /* Resources */,
				8729AE37570BDF725A65B076 /* [CP] Embed Pods Frameworks */,
			);
			buildRules = (
			);
			dependencies = (
			);
			name = Insta;
			productName = Insta;
			productReference = 86760CB1254340DF004DD125 /* Insta.app */;
			productType = "com.apple.product-type.application";
		};
		86760CC6254340E2004DD125 /* InstaTests */ = {
			isa = PBXNativeTarget;
			buildConfigurationList = 86760CDE254340E2004DD125 /* Build configuration list for PBXNativeTarget "InstaTests" */;
			buildPhases = (
				016563D072022E859410A67F /* [CP] Check Pods Manifest.lock */,
				86760CC3254340E2004DD125 /* Sources */,
				86760CC4254340E2004DD125 /* Frameworks */,
				86760CC5254340E2004DD125 /* Resources */,
			);
			buildRules = (
			);
			dependencies = (
				86760CC9254340E2004DD125 /* PBXTargetDependency */,
			);
			name = InstaTests;
			productName = InstaTests;
			productReference = 86760CC7254340E2004DD125 /* InstaTests.xctest */;
			productType = "com.apple.product-type.bundle.unit-test";
		};
		86760CD1254340E2004DD125 /* InstaUITests */ = {
			isa = PBXNativeTarget;
			buildConfigurationList = 86760CE1254340E2004DD125 /* Build configuration list for PBXNativeTarget "InstaUITests" */;
			buildPhases = (
				C6F07673B2D83CDE02F9314D /* [CP] Check Pods Manifest.lock */,
				86760CCE254340E2004DD125 /* Sources */,
				86760CCF254340E2004DD125 /* Frameworks */,
				86760CD0254340E2004DD125 /* Resources */,
				B5F310212C58F19D16E87E16 /* [CP] Embed Pods Frameworks */,
			);
			buildRules = (
			);
			dependencies = (
				86760CD4254340E2004DD125 /* PBXTargetDependency */,
			);
			name = InstaUITests;
			productName = InstaUITests;
			productReference = 86760CD2254340E2004DD125 /* InstaUITests.xctest */;
			productType = "com.apple.product-type.bundle.ui-testing";
		};
/* End PBXNativeTarget section */

/* Begin PBXProject section */
		86760CA9254340DF004DD125 /* Project object */ = {
			isa = PBXProject;
			attributes = {
				LastSwiftUpdateCheck = 1200;
				LastUpgradeCheck = 1200;
				TargetAttributes = {
					86760CB0254340DF004DD125 = {
						CreatedOnToolsVersion = 12.0.1;
					};
					86760CC6254340E2004DD125 = {
						CreatedOnToolsVersion = 12.0.1;
						TestTargetID = 86760CB0254340DF004DD125;
					};
					86760CD1254340E2004DD125 = {
						CreatedOnToolsVersion = 12.0.1;
						TestTargetID = 86760CB0254340DF004DD125;
					};
				};
			};
			buildConfigurationList = 86760CAC254340DF004DD125 /* Build configuration list for PBXProject "Insta" */;
			compatibilityVersion = "Xcode 9.3";
			developmentRegion = en;
			hasScannedForEncodings = 0;
			knownRegions = (
				en,
				Base,
			);
			mainGroup = 86760CA8254340DF004DD125;
			productRefGroup = 86760CB2254340DF004DD125 /* Products */;
			projectDirPath = "";
			projectRoot = "";
			targets = (
				86760CB0254340DF004DD125 /* Insta */,
				86760CC6254340E2004DD125 /* InstaTests */,
				86760CD1254340E2004DD125 /* InstaUITests */,
			);
		};
/* End PBXProject section */

/* Begin PBXResourcesBuildPhase section */
		86760CAF254340DF004DD125 /* Resources */ = {
			isa = PBXResourcesBuildPhase;
			buildActionMask = 2147483647;
			files = (
				86760CC1254340E2004DD125 /* LaunchScreen.storyboard in Resources */,
				86760CBE254340E2004DD125 /* Assets.xcassets in Resources */,
				86760CBC254340DF004DD125 /* Main.storyboard in Resources */,
			);
			runOnlyForDeploymentPostprocessing = 0;
		};
		86760CC5254340E2004DD125 /* Resources */ = {
			isa = PBXResourcesBuildPhase;
			buildActionMask = 2147483647;
			files = (
			);
			runOnlyForDeploymentPostprocessing = 0;
		};
		86760CD0254340E2004DD125 /* Resources */ = {
			isa = PBXResourcesBuildPhase;
			buildActionMask = 2147483647;
			files = (
			);
			runOnlyForDeploymentPostprocessing = 0;
		};
/* End PBXResourcesBuildPhase section */

/* Begin PBXShellScriptBuildPhase section */
		016563D072022E859410A67F /* [CP] Check Pods Manifest.lock */ = {
			isa = PBXShellScriptBuildPhase;
			buildActionMask = 2147483647;
			files = (
			);
			inputFileListPaths = (
			);
			inputPaths = (
				"${PODS_PODFILE_DIR_PATH}/Podfile.lock",
				"${PODS_ROOT}/Manifest.lock",
			);
			name = "[CP] Check Pods Manifest.lock";
			outputFileListPaths = (
			);
			outputPaths = (
				"$(DERIVED_FILE_DIR)/Pods-InstaTests-checkManifestLockResult.txt",
			);
			runOnlyForDeploymentPostprocessing = 0;
			shellPath = /bin/sh;
			shellScript = "diff \"${PODS_PODFILE_DIR_PATH}/Podfile.lock\" \"${PODS_ROOT}/Manifest.lock\" > /dev/null\nif [ $? != 0 ] ; then\n    # print error to STDERR\n    echo \"error: The sandbox is not in sync with the Podfile.lock. Run 'pod install' or update your CocoaPods installation.\" >&2\n    exit 1\nfi\n# This output is used by Xcode 'outputs' to avoid re-running this script phase.\necho \"SUCCESS\" > \"${SCRIPT_OUTPUT_FILE_0}\"\n";
			showEnvVarsInLog = 0;
		};
		8729AE37570BDF725A65B076 /* [CP] Embed Pods Frameworks */ = {
			isa = PBXShellScriptBuildPhase;
			buildActionMask = 2147483647;
			files = (
			);
			inputFileListPaths = (
				"${PODS_ROOT}/Target Support Files/Pods-Insta/Pods-Insta-frameworks-${CONFIGURATION}-input-files.xcfilelist",
			);
			name = "[CP] Embed Pods Frameworks";
			outputFileListPaths = (
				"${PODS_ROOT}/Target Support Files/Pods-Insta/Pods-Insta-frameworks-${CONFIGURATION}-output-files.xcfilelist",
			);
			runOnlyForDeploymentPostprocessing = 0;
			shellPath = /bin/sh;
			shellScript = "\"${PODS_ROOT}/Target Support Files/Pods-Insta/Pods-Insta-frameworks.sh\"\n";
			showEnvVarsInLog = 0;
		};
		96D6DF1944FFF25723214A3F /* [CP] Check Pods Manifest.lock */ = {
			isa = PBXShellScriptBuildPhase;
			buildActionMask = 2147483647;
			files = (
			);
			inputFileListPaths = (
			);
			inputPaths = (
				"${PODS_PODFILE_DIR_PATH}/Podfile.lock",
				"${PODS_ROOT}/Manifest.lock",
			);
			name = "[CP] Check Pods Manifest.lock";
			outputFileListPaths = (
			);
			outputPaths = (
				"$(DERIVED_FILE_DIR)/Pods-Insta-checkManifestLockResult.txt",
			);
			runOnlyForDeploymentPostprocessing = 0;
			shellPath = /bin/sh;
			shellScript = "diff \"${PODS_PODFILE_DIR_PATH}/Podfile.lock\" \"${PODS_ROOT}/Manifest.lock\" > /dev/null\nif [ $? != 0 ] ; then\n    # print error to STDERR\n    echo \"error: The sandbox is not in sync with the Podfile.lock. Run 'pod install' or update your CocoaPods installation.\" >&2\n    exit 1\nfi\n# This output is used by Xcode 'outputs' to avoid re-running this script phase.\necho \"SUCCESS\" > \"${SCRIPT_OUTPUT_FILE_0}\"\n";
			showEnvVarsInLog = 0;
		};
		B5F310212C58F19D16E87E16 /* [CP] Embed Pods Frameworks */ = {
			isa = PBXShellScriptBuildPhase;
			buildActionMask = 2147483647;
			files = (
			);
			inputFileListPaths = (
				"${PODS_ROOT}/Target Support Files/Pods-Insta-InstaUITests/Pods-Insta-InstaUITests-frameworks-${CONFIGURATION}-input-files.xcfilelist",
			);
			name = "[CP] Embed Pods Frameworks";
			outputFileListPaths = (
				"${PODS_ROOT}/Target Support Files/Pods-Insta-InstaUITests/Pods-Insta-InstaUITests-frameworks-${CONFIGURATION}-output-files.xcfilelist",
			);
			runOnlyForDeploymentPostprocessing = 0;
			shellPath = /bin/sh;
			shellScript = "\"${PODS_ROOT}/Target Support Files/Pods-Insta-InstaUITests/Pods-Insta-InstaUITests-frameworks.sh\"\n";
			showEnvVarsInLog = 0;
		};
		C6F07673B2D83CDE02F9314D /* [CP] Check Pods Manifest.lock */ = {
			isa = PBXShellScriptBuildPhase;
			buildActionMask = 2147483647;
			files = (
			);
			inputFileListPaths = (
			);
			inputPaths = (
				"${PODS_PODFILE_DIR_PATH}/Podfile.lock",
				"${PODS_ROOT}/Manifest.lock",
			);
			name = "[CP] Check Pods Manifest.lock";
			outputFileListPaths = (
			);
			outputPaths = (
				"$(DERIVED_FILE_DIR)/Pods-Insta-InstaUITests-checkManifestLockResult.txt",
			);
			runOnlyForDeploymentPostprocessing = 0;
			shellPath = /bin/sh;
			shellScript = "diff \"${PODS_PODFILE_DIR_PATH}/Podfile.lock\" \"${PODS_ROOT}/Manifest.lock\" > /dev/null\nif [ $? != 0 ] ; then\n    # print error to STDERR\n    echo \"error: The sandbox is not in sync with the Podfile.lock. Run 'pod install' or update your CocoaPods installation.\" >&2\n    exit 1\nfi\n# This output is used by Xcode 'outputs' to avoid re-running this script phase.\necho \"SUCCESS\" > \"${SCRIPT_OUTPUT_FILE_0}\"\n";
			showEnvVarsInLog = 0;
		};
/* End PBXShellScriptBuildPhase section */

/* Begin PBXSourcesBuildPhase section */
		86760CAD254340DF004DD125 /* Sources */ = {
			isa = PBXSourcesBuildPhase;
			buildActionMask = 2147483647;
			files = (
				86760CF725434311004DD125 /* LoginViewController.swift in Sources */,
				86760D0125434D7B004DD125 /* CameraViewController.swift in Sources */,
				86760CB5254340DF004DD125 /* AppDelegate.swift in Sources */,
				86760CFC2543431D004DD125 /* FeedViewController.swift in Sources */,
				86760CB7254340DF004DD125 /* SceneDelegate.swift in Sources */,
				86815F7A25435F9B00D148A0 /* PostCell.swift in Sources */,
			);
			runOnlyForDeploymentPostprocessing = 0;
		};
		86760CC3254340E2004DD125 /* Sources */ = {
			isa = PBXSourcesBuildPhase;
			buildActionMask = 2147483647;
			files = (
				86760CCC254340E2004DD125 /* InstaTests.swift in Sources */,
			);
			runOnlyForDeploymentPostprocessing = 0;
		};
		86760CCE254340E2004DD125 /* Sources */ = {
			isa = PBXSourcesBuildPhase;
			buildActionMask = 2147483647;
			files = (
				86760CD7254340E2004DD125 /* InstaUITests.swift in Sources */,
			);
			runOnlyForDeploymentPostprocessing = 0;
		};
/* End PBXSourcesBuildPhase section */

/* Begin PBXTargetDependency section */
		86760CC9254340E2004DD125 /* PBXTargetDependency */ = {
			isa = PBXTargetDependency;
			target = 86760CB0254340DF004DD125 /* Insta */;
			targetProxy = 86760CC8254340E2004DD125 /* PBXContainerItemProxy */;
		};
		86760CD4254340E2004DD125 /* PBXTargetDependency */ = {
			isa = PBXTargetDependency;
			target = 86760CB0254340DF004DD125 /* Insta */;
			targetProxy = 86760CD3254340E2004DD125 /* PBXContainerItemProxy */;
		};
/* End PBXTargetDependency section */

/* Begin PBXVariantGroup section */
		86760CBA254340DF004DD125 /* Main.storyboard */ = {
			isa = PBXVariantGroup;
			children = (
				86760CBB254340DF004DD125 /* Base */,
			);
			name = Main.storyboard;
			sourceTree = "<group>";
		};
		86760CBF254340E2004DD125 /* LaunchScreen.storyboard */ = {
			isa = PBXVariantGroup;
			children = (
				86760CC0254340E2004DD125 /* Base */,
			);
			name = LaunchScreen.storyboard;
			sourceTree = "<group>";
		};
/* End PBXVariantGroup section */

/* Begin XCBuildConfiguration section */
		86760CD9254340E2004DD125 /* Debug */ = {
			isa = XCBuildConfiguration;
			buildSettings = {
				ALWAYS_SEARCH_USER_PATHS = NO;
				CLANG_ANALYZER_NONNULL = YES;
				CLANG_ANALYZER_NUMBER_OBJECT_CONVERSION = YES_AGGRESSIVE;
				CLANG_CXX_LANGUAGE_STANDARD = "gnu++14";
				CLANG_CXX_LIBRARY = "libc++";
				CLANG_ENABLE_MODULES = YES;
				CLANG_ENABLE_OBJC_ARC = YES;
				CLANG_ENABLE_OBJC_WEAK = YES;
				CLANG_WARN_BLOCK_CAPTURE_AUTORELEASING = YES;
				CLANG_WARN_BOOL_CONVERSION = YES;
				CLANG_WARN_COMMA = YES;
				CLANG_WARN_CONSTANT_CONVERSION = YES;
				CLANG_WARN_DEPRECATED_OBJC_IMPLEMENTATIONS = YES;
				CLANG_WARN_DIRECT_OBJC_ISA_USAGE = YES_ERROR;
				CLANG_WARN_DOCUMENTATION_COMMENTS = YES;
				CLANG_WARN_EMPTY_BODY = YES;
				CLANG_WARN_ENUM_CONVERSION = YES;
				CLANG_WARN_INFINITE_RECURSION = YES;
				CLANG_WARN_INT_CONVERSION = YES;
				CLANG_WARN_NON_LITERAL_NULL_CONVERSION = YES;
				CLANG_WARN_OBJC_IMPLICIT_RETAIN_SELF = YES;
				CLANG_WARN_OBJC_LITERAL_CONVERSION = YES;
				CLANG_WARN_OBJC_ROOT_CLASS = YES_ERROR;
				CLANG_WARN_QUOTED_INCLUDE_IN_FRAMEWORK_HEADER = YES;
				CLANG_WARN_RANGE_LOOP_ANALYSIS = YES;
				CLANG_WARN_STRICT_PROTOTYPES = YES;
				CLANG_WARN_SUSPICIOUS_MOVE = YES;
				CLANG_WARN_UNGUARDED_AVAILABILITY = YES_AGGRESSIVE;
				CLANG_WARN_UNREACHABLE_CODE = YES;
				CLANG_WARN__DUPLICATE_METHOD_MATCH = YES;
				COPY_PHASE_STRIP = NO;
				DEBUG_INFORMATION_FORMAT = dwarf;
				ENABLE_STRICT_OBJC_MSGSEND = YES;
				ENABLE_TESTABILITY = YES;
				GCC_C_LANGUAGE_STANDARD = gnu11;
				GCC_DYNAMIC_NO_PIC = NO;
				GCC_NO_COMMON_BLOCKS = YES;
				GCC_OPTIMIZATION_LEVEL = 0;
				GCC_PREPROCESSOR_DEFINITIONS = (
					"DEBUG=1",
					"$(inherited)",
				);
				GCC_WARN_64_TO_32_BIT_CONVERSION = YES;
				GCC_WARN_ABOUT_RETURN_TYPE = YES_ERROR;
				GCC_WARN_UNDECLARED_SELECTOR = YES;
				GCC_WARN_UNINITIALIZED_AUTOS = YES_AGGRESSIVE;
				GCC_WARN_UNUSED_FUNCTION = YES;
				GCC_WARN_UNUSED_VARIABLE = YES;
				IPHONEOS_DEPLOYMENT_TARGET = 14.0;
				MTL_ENABLE_DEBUG_INFO = INCLUDE_SOURCE;
				MTL_FAST_MATH = YES;
				ONLY_ACTIVE_ARCH = YES;
				SDKROOT = iphoneos;
				SWIFT_ACTIVE_COMPILATION_CONDITIONS = DEBUG;
				SWIFT_OPTIMIZATION_LEVEL = "-Onone";
			};
			name = Debug;
		};
		86760CDA254340E2004DD125 /* Release */ = {
			isa = XCBuildConfiguration;
			buildSettings = {
				ALWAYS_SEARCH_USER_PATHS = NO;
				CLANG_ANALYZER_NONNULL = YES;
				CLANG_ANALYZER_NUMBER_OBJECT_CONVERSION = YES_AGGRESSIVE;
				CLANG_CXX_LANGUAGE_STANDARD = "gnu++14";
				CLANG_CXX_LIBRARY = "libc++";
				CLANG_ENABLE_MODULES = YES;
				CLANG_ENABLE_OBJC_ARC = YES;
				CLANG_ENABLE_OBJC_WEAK = YES;
				CLANG_WARN_BLOCK_CAPTURE_AUTORELEASING = YES;
				CLANG_WARN_BOOL_CONVERSION = YES;
				CLANG_WARN_COMMA = YES;
				CLANG_WARN_CONSTANT_CONVERSION = YES;
				CLANG_WARN_DEPRECATED_OBJC_IMPLEMENTATIONS = YES;
				CLANG_WARN_DIRECT_OBJC_ISA_USAGE = YES_ERROR;
				CLANG_WARN_DOCUMENTATION_COMMENTS = YES;
				CLANG_WARN_EMPTY_BODY = YES;
				CLANG_WARN_ENUM_CONVERSION = YES;
				CLANG_WARN_INFINITE_RECURSION = YES;
				CLANG_WARN_INT_CONVERSION = YES;
				CLANG_WARN_NON_LITERAL_NULL_CONVERSION = YES;
				CLANG_WARN_OBJC_IMPLICIT_RETAIN_SELF = YES;
				CLANG_WARN_OBJC_LITERAL_CONVERSION = YES;
				CLANG_WARN_OBJC_ROOT_CLASS = YES_ERROR;
				CLANG_WARN_QUOTED_INCLUDE_IN_FRAMEWORK_HEADER = YES;
				CLANG_WARN_RANGE_LOOP_ANALYSIS = YES;
				CLANG_WARN_STRICT_PROTOTYPES = YES;
				CLANG_WARN_SUSPICIOUS_MOVE = YES;
				CLANG_WARN_UNGUARDED_AVAILABILITY = YES_AGGRESSIVE;
				CLANG_WARN_UNREACHABLE_CODE = YES;
				CLANG_WARN__DUPLICATE_METHOD_MATCH = YES;
				COPY_PHASE_STRIP = NO;
				DEBUG_INFORMATION_FORMAT = "dwarf-with-dsym";
				ENABLE_NS_ASSERTIONS = NO;
				ENABLE_STRICT_OBJC_MSGSEND = YES;
				GCC_C_LANGUAGE_STANDARD = gnu11;
				GCC_NO_COMMON_BLOCKS = YES;
				GCC_WARN_64_TO_32_BIT_CONVERSION = YES;
				GCC_WARN_ABOUT_RETURN_TYPE = YES_ERROR;
				GCC_WARN_UNDECLARED_SELECTOR = YES;
				GCC_WARN_UNINITIALIZED_AUTOS = YES_AGGRESSIVE;
				GCC_WARN_UNUSED_FUNCTION = YES;
				GCC_WARN_UNUSED_VARIABLE = YES;
				IPHONEOS_DEPLOYMENT_TARGET = 14.0;
				MTL_ENABLE_DEBUG_INFO = NO;
				MTL_FAST_MATH = YES;
				SDKROOT = iphoneos;
				SWIFT_COMPILATION_MODE = wholemodule;
				SWIFT_OPTIMIZATION_LEVEL = "-O";
				VALIDATE_PRODUCT = YES;
			};
			name = Release;
		};
		86760CDC254340E2004DD125 /* Debug */ = {
			isa = XCBuildConfiguration;
			baseConfigurationReference = 5EE10ACA45EEFF66BF2FDAA8 /* Pods-Insta.debug.xcconfig */;
			buildSettings = {
				ASSETCATALOG_COMPILER_APPICON_NAME = AppIcon;
				ASSETCATALOG_COMPILER_GLOBAL_ACCENT_COLOR_NAME = AccentColor;
				CODE_SIGN_STYLE = Automatic;
				INFOPLIST_FILE = Insta/Info.plist;
				LD_RUNPATH_SEARCH_PATHS = (
					"$(inherited)",
					"@executable_path/Frameworks",
				);
				PRODUCT_BUNDLE_IDENTIFIER = Milana.Insta;
				PRODUCT_NAME = "$(TARGET_NAME)";
				SWIFT_VERSION = 5.0;
				TARGETED_DEVICE_FAMILY = "1,2";
			};
			name = Debug;
		};
		86760CDD254340E2004DD125 /* Release */ = {
			isa = XCBuildConfiguration;
			baseConfigurationReference = E2863C025E6E016EF117223C /* Pods-Insta.release.xcconfig */;
			buildSettings = {
				ASSETCATALOG_COMPILER_APPICON_NAME = AppIcon;
				ASSETCATALOG_COMPILER_GLOBAL_ACCENT_COLOR_NAME = AccentColor;
				CODE_SIGN_STYLE = Automatic;
				INFOPLIST_FILE = Insta/Info.plist;
				LD_RUNPATH_SEARCH_PATHS = (
					"$(inherited)",
					"@executable_path/Frameworks",
				);
				PRODUCT_BUNDLE_IDENTIFIER = Milana.Insta;
				PRODUCT_NAME = "$(TARGET_NAME)";
				SWIFT_VERSION = 5.0;
				TARGETED_DEVICE_FAMILY = "1,2";
			};
			name = Release;
		};
		86760CDF254340E2004DD125 /* Debug */ = {
			isa = XCBuildConfiguration;
			baseConfigurationReference = 008D3BC67DEAEC7405EC6D8A /* Pods-InstaTests.debug.xcconfig */;
			buildSettings = {
				ALWAYS_EMBED_SWIFT_STANDARD_LIBRARIES = YES;
				BUNDLE_LOADER = "$(TEST_HOST)";
				CODE_SIGN_STYLE = Automatic;
				INFOPLIST_FILE = InstaTests/Info.plist;
				IPHONEOS_DEPLOYMENT_TARGET = 14.0;
				LD_RUNPATH_SEARCH_PATHS = (
					"$(inherited)",
					"@executable_path/Frameworks",
					"@loader_path/Frameworks",
				);
				PRODUCT_BUNDLE_IDENTIFIER = Milana.InstaTests;
				PRODUCT_NAME = "$(TARGET_NAME)";
				SWIFT_VERSION = 5.0;
				TARGETED_DEVICE_FAMILY = "1,2";
				TEST_HOST = "$(BUILT_PRODUCTS_DIR)/Insta.app/Insta";
			};
			name = Debug;
		};
		86760CE0254340E2004DD125 /* Release */ = {
			isa = XCBuildConfiguration;
			baseConfigurationReference = F660B058200B94C4185C1EBD /* Pods-InstaTests.release.xcconfig */;
			buildSettings = {
				ALWAYS_EMBED_SWIFT_STANDARD_LIBRARIES = YES;
				BUNDLE_LOADER = "$(TEST_HOST)";
				CODE_SIGN_STYLE = Automatic;
				INFOPLIST_FILE = InstaTests/Info.plist;
				IPHONEOS_DEPLOYMENT_TARGET = 14.0;
				LD_RUNPATH_SEARCH_PATHS = (
					"$(inherited)",
					"@executable_path/Frameworks",
					"@loader_path/Frameworks",
				);
				PRODUCT_BUNDLE_IDENTIFIER = Milana.InstaTests;
				PRODUCT_NAME = "$(TARGET_NAME)";
				SWIFT_VERSION = 5.0;
				TARGETED_DEVICE_FAMILY = "1,2";
				TEST_HOST = "$(BUILT_PRODUCTS_DIR)/Insta.app/Insta";
			};
			name = Release;
		};
		86760CE2254340E2004DD125 /* Debug */ = {
			isa = XCBuildConfiguration;
			baseConfigurationReference = 57EBCE3C1A3709A59ADE6F89 /* Pods-Insta-InstaUITests.debug.xcconfig */;
			buildSettings = {
				ALWAYS_EMBED_SWIFT_STANDARD_LIBRARIES = YES;
				CODE_SIGN_STYLE = Automatic;
				INFOPLIST_FILE = InstaUITests/Info.plist;
				LD_RUNPATH_SEARCH_PATHS = (
					"$(inherited)",
					"@executable_path/Frameworks",
					"@loader_path/Frameworks",
				);
				PRODUCT_BUNDLE_IDENTIFIER = Milana.InstaUITests;
				PRODUCT_NAME = "$(TARGET_NAME)";
				SWIFT_VERSION = 5.0;
				TARGETED_DEVICE_FAMILY = "1,2";
				TEST_TARGET_NAME = Insta;
			};
			name = Debug;
		};
		86760CE3254340E2004DD125 /* Release */ = {
			isa = XCBuildConfiguration;
			baseConfigurationReference = C9FD08F533969A05CA24CF7B /* Pods-Insta-InstaUITests.release.xcconfig */;
			buildSettings = {
				ALWAYS_EMBED_SWIFT_STANDARD_LIBRARIES = YES;
				CODE_SIGN_STYLE = Automatic;
				INFOPLIST_FILE = InstaUITests/Info.plist;
				LD_RUNPATH_SEARCH_PATHS = (
					"$(inherited)",
					"@executable_path/Frameworks",
					"@loader_path/Frameworks",
				);
				PRODUCT_BUNDLE_IDENTIFIER = Milana.InstaUITests;
				PRODUCT_NAME = "$(TARGET_NAME)";
				SWIFT_VERSION = 5.0;
				TARGETED_DEVICE_FAMILY = "1,2";
				TEST_TARGET_NAME = Insta;
			};
			name = Release;
		};
/* End XCBuildConfiguration section */

/* Begin XCConfigurationList section */
		86760CAC254340DF004DD125 /* Build configuration list for PBXProject "Insta" */ = {
			isa = XCConfigurationList;
			buildConfigurations = (
				86760CD9254340E2004DD125 /* Debug */,
				86760CDA254340E2004DD125 /* Release */,
			);
			defaultConfigurationIsVisible = 0;
			defaultConfigurationName = Release;
		};
		86760CDB254340E2004DD125 /* Build configuration list for PBXNativeTarget "Insta" */ = {
			isa = XCConfigurationList;
			buildConfigurations = (
				86760CDC254340E2004DD125 /* Debug */,
				86760CDD254340E2004DD125 /* Release */,
			);
			defaultConfigurationIsVisible = 0;
			defaultConfigurationName = Release;
		};
		86760CDE254340E2004DD125 /* Build configuration list for PBXNativeTarget "InstaTests" */ = {
			isa = XCConfigurationList;
			buildConfigurations = (
				86760CDF254340E2004DD125 /* Debug */,
				86760CE0254340E2004DD125 /* Release */,
			);
			defaultConfigurationIsVisible = 0;
			defaultConfigurationName = Release;
		};
		86760CE1254340E2004DD125 /* Build configuration list for PBXNativeTarget "InstaUITests" */ = {
			isa = XCConfigurationList;
			buildConfigurations = (
				86760CE2254340E2004DD125 /* Debug */,
				86760CE3254340E2004DD125 /* Release */,
			);
			defaultConfigurationIsVisible = 0;
			defaultConfigurationName = Release;
		};
/* End XCConfigurationList section */
	};
	rootObject = 86760CA9254340DF004DD125 /* Project object */;
}
